// !$*UTF8*$!
{
	archiveVersion = 1;
	classes = {
	};
	objectVersion = 50;
	objects = {

/* Begin PBXBuildFile section */
		2D09E9AC2073D688008320D7 /* AppDelegate.swift in Sources */ = {isa = PBXBuildFile; fileRef = 2D09E9AB2073D688008320D7 /* AppDelegate.swift */; };
		2D09E9AE2073D688008320D7 /* ViewController.swift in Sources */ = {isa = PBXBuildFile; fileRef = 2D09E9AD2073D688008320D7 /* ViewController.swift */; };
		2D09E9B12073D688008320D7 /* Main.storyboard in Resources */ = {isa = PBXBuildFile; fileRef = 2D09E9AF2073D688008320D7 /* Main.storyboard */; };
		2D09E9B32073D68A008320D7 /* Assets.xcassets in Resources */ = {isa = PBXBuildFile; fileRef = 2D09E9B22073D68A008320D7 /* Assets.xcassets */; };
		2D09E9B62073D68A008320D7 /* LaunchScreen.storyboard in Resources */ = {isa = PBXBuildFile; fileRef = 2D09E9B42073D68A008320D7 /* LaunchScreen.storyboard */; };
		2D09E9C12073D68A008320D7 /* ModularBagExperimentTests.swift in Sources */ = {isa = PBXBuildFile; fileRef = 2D09E9C02073D68A008320D7 /* ModularBagExperimentTests.swift */; };
		2D09E9CC2073D68B008320D7 /* ModularBagExperimentUITests.swift in Sources */ = {isa = PBXBuildFile; fileRef = 2D09E9CB2073D68B008320D7 /* ModularBagExperimentUITests.swift */; };
		2D9FD2822073D9A6009D1CDF /* SwipeToDeleteCell.swift in Sources */ = {isa = PBXBuildFile; fileRef = 2D9FD25E2073D9A1009D1CDF /* SwipeToDeleteCell.swift */; };
		2D9FD2832073D9A6009D1CDF /* PoqModularBagCellBuilder.swift in Sources */ = {isa = PBXBuildFile; fileRef = 2D9FD25F2073D9A1009D1CDF /* PoqModularBagCellBuilder.swift */; };
		2D9FD2842073D9A6009D1CDF /* PoqModularBagPresenter.swift in Sources */ = {isa = PBXBuildFile; fileRef = 2D9FD2602073D9A1009D1CDF /* PoqModularBagPresenter.swift */; };
		2D9FD2852073D9A6009D1CDF /* BagViewState.swift in Sources */ = {isa = PBXBuildFile; fileRef = 2D9FD2612073D9A1009D1CDF /* BagViewState.swift */; };
		2D9FD2862073D9A6009D1CDF /* ModularBagItemCell.xib in Sources */ = {isa = PBXBuildFile; fileRef = 2D9FD2622073D9A1009D1CDF /* ModularBagItemCell.xib */; };
		2D9FD2872073D9A6009D1CDF /* TappableCell.swift in Sources */ = {isa = PBXBuildFile; fileRef = 2D9FD2632073D9A1009D1CDF /* TappableCell.swift */; };
		2D9FD2882073D9A6009D1CDF /* ModularBagRouter.swift in Sources */ = {isa = PBXBuildFile; fileRef = 2D9FD2642073D9A1009D1CDF /* ModularBagRouter.swift */; };
		2D9FD2892073D9A6009D1CDF /* ModularCollectionViewDelegate.swift in Sources */ = {isa = PBXBuildFile; fileRef = 2D9FD2652073D9A2009D1CDF /* ModularCollectionViewDelegate.swift */; };
		2D9FD28A2073D9A6009D1CDF /* EditableCell.swift in Sources */ = {isa = PBXBuildFile; fileRef = 2D9FD2662073D9A2009D1CDF /* EditableCell.swift */; };
		2D9FD28B2073D9A6009D1CDF /* ContentBlockBuilder.swift in Sources */ = {isa = PBXBuildFile; fileRef = 2D9FD2672073D9A2009D1CDF /* ContentBlockBuilder.swift */; };
		2D9FD28C2073D9A6009D1CDF /* PoqModularBagCollectionViewDataSource.swift in Sources */ = {isa = PBXBuildFile; fileRef = 2D9FD2682073D9A2009D1CDF /* PoqModularBagCollectionViewDataSource.swift */; };
		2D9FD28D2073D9A6009D1CDF /* PoqModularBagInteractor.swift in Sources */ = {isa = PBXBuildFile; fileRef = 2D9FD2692073D9A2009D1CDF /* PoqModularBagInteractor.swift */; };
		2D9FD28E2073D9A6009D1CDF /* ModularBagItemCell.swift in Sources */ = {isa = PBXBuildFile; fileRef = 2D9FD26A2073D9A2009D1CDF /* ModularBagItemCell.swift */; };
		2D9FD28F2073D9A6009D1CDF /* PoqModularBagDataManager.swift in Sources */ = {isa = PBXBuildFile; fileRef = 2D9FD26B2073D9A2009D1CDF /* PoqModularBagDataManager.swift */; };
		2D9FD2902073D9A7009D1CDF /* ContentStore.swift in Sources */ = {isa = PBXBuildFile; fileRef = 2D9FD26C2073D9A3009D1CDF /* ContentStore.swift */; };
		2D9FD2912073D9A7009D1CDF /* ModularBag.swift in Sources */ = {isa = PBXBuildFile; fileRef = 2D9FD26D2073D9A3009D1CDF /* ModularBag.swift */; };
		2D9FD2932073D9A7009D1CDF /* PoqModularBagBuilder.swift in Sources */ = {isa = PBXBuildFile; fileRef = 2D9FD26F2073D9A3009D1CDF /* PoqModularBagBuilder.swift */; };
		2D9FD2942073D9A7009D1CDF /* PoqModularBagView.xib in Sources */ = {isa = PBXBuildFile; fileRef = 2D9FD2702073D9A3009D1CDF /* PoqModularBagView.xib */; };
		2D9FD2972073D9A7009D1CDF /* ModularBagDataManager.swift in Sources */ = {isa = PBXBuildFile; fileRef = 2D9FD2732073D9A4009D1CDF /* ModularBagDataManager.swift */; };
		2D9FD2982073D9A7009D1CDF /* ModularBagPresenter.swift in Sources */ = {isa = PBXBuildFile; fileRef = 2D9FD2742073D9A4009D1CDF /* ModularBagPresenter.swift */; };
		2D9FD2992073D9A7009D1CDF /* ModularCell.swift in Sources */ = {isa = PBXBuildFile; fileRef = 2D9FD2752073D9A4009D1CDF /* ModularCell.swift */; };
		2D9FD29A2073D9A7009D1CDF /* delete.imageset in Sources */ = {isa = PBXBuildFile; fileRef = 2D9FD2762073D9A4009D1CDF /* delete.imageset */; };
		2D9FD29B2073D9A7009D1CDF /* ModularBagInteractor.swift in Sources */ = {isa = PBXBuildFile; fileRef = 2D9FD2772073D9A4009D1CDF /* ModularBagInteractor.swift */; };
		2D9FD29C2073D9A7009D1CDF /* DataStore.swift in Sources */ = {isa = PBXBuildFile; fileRef = 2D9FD2782073D9A5009D1CDF /* DataStore.swift */; };
		2D9FD29D2073D9A7009D1CDF /* ModularCollectionViewDataSource.swift in Sources */ = {isa = PBXBuildFile; fileRef = 2D9FD2792073D9A5009D1CDF /* ModularCollectionViewDataSource.swift */; };
		2D9FD29E2073D9A7009D1CDF /* PoqClassicBagContentBlockBuilder.swift in Sources */ = {isa = PBXBuildFile; fileRef = 2D9FD27A2073D9A5009D1CDF /* PoqClassicBagContentBlockBuilder.swift */; };
		2D9FD29F2073D9A7009D1CDF /* PoqClassicBagDataManager.swift in Sources */ = {isa = PBXBuildFile; fileRef = 2D9FD27B2073D9A5009D1CDF /* PoqClassicBagDataManager.swift */; };
		2D9FD2A02073D9A7009D1CDF /* PoqModularBagCollectionViewDelegate.swift in Sources */ = {isa = PBXBuildFile; fileRef = 2D9FD27C2073D9A5009D1CDF /* PoqModularBagCollectionViewDelegate.swift */; };
		2D9FD2A12073D9A7009D1CDF /* PoqModularBagContentBlockBuilder.swift in Sources */ = {isa = PBXBuildFile; fileRef = 2D9FD27D2073D9A5009D1CDF /* PoqModularBagContentBlockBuilder.swift */; };
		2D9FD2A22073D9A7009D1CDF /* CellBuilder.swift in Sources */ = {isa = PBXBuildFile; fileRef = 2D9FD27E2073D9A6009D1CDF /* CellBuilder.swift */; };
		2D9FD2A32073D9A7009D1CDF /* PoqModularBagRouter.swift in Sources */ = {isa = PBXBuildFile; fileRef = 2D9FD27F2073D9A6009D1CDF /* PoqModularBagRouter.swift */; };
		2D9FD2A42073D9A7009D1CDF /* PoqModularBagViewData.swift in Sources */ = {isa = PBXBuildFile; fileRef = 2D9FD2802073D9A6009D1CDF /* PoqModularBagViewData.swift */; };
		2D9FD2A52073D9A7009D1CDF /* ModularBagBuilder.swift in Sources */ = {isa = PBXBuildFile; fileRef = 2D9FD2812073D9A6009D1CDF /* ModularBagBuilder.swift */; };
		2D9FD2A82073DBFE009D1CDF /* Lottie.framework in Frameworks */ = {isa = PBXBuildFile; fileRef = 2D9FD2A72073DBFE009D1CDF /* Lottie.framework */; };
		2D9FD2AA2073DF85009D1CDF /* PoqReusableView.swift in Sources */ = {isa = PBXBuildFile; fileRef = 2D9FD2A92073DF85009D1CDF /* PoqReusableView.swift */; };
		2D9FD2AC2073DFF1009D1CDF /* UIColorExtension.swift in Sources */ = {isa = PBXBuildFile; fileRef = 2D9FD2AB2073DFF1009D1CDF /* UIColorExtension.swift */; };
		2D9FD2AF2074C446009D1CDF /* Lottie.framework in Frameworks */ = {isa = PBXBuildFile; fileRef = 2D9FD2A72073DBFE009D1CDF /* Lottie.framework */; };
		2D9FD2B02074C446009D1CDF /* Lottie.framework in Embed Frameworks */ = {isa = PBXBuildFile; fileRef = 2D9FD2A72073DBFE009D1CDF /* Lottie.framework */; settings = {ATTRIBUTES = (CodeSignOnCopy, RemoveHeadersOnCopy, ); }; };
		2D9FD2B32074EE92009D1CDF /* BagItems.json in Resources */ = {isa = PBXBuildFile; fileRef = 2D9FD2B22074EE92009D1CDF /* BagItems.json */; };
		2DBF8D122077BB5900054B9C /* like.json in Resources */ = {isa = PBXBuildFile; fileRef = 2DBF8D112077BB5800054B9C /* like.json */; };
		2DBF8D14207B5DF300054B9C /* PoqModularBagViewController.swift in Sources */ = {isa = PBXBuildFile; fileRef = 2DBF8D13207B5DF300054B9C /* PoqModularBagViewController.swift */; };
/* End PBXBuildFile section */

/* Begin PBXContainerItemProxy section */
		2D09E9BD2073D68A008320D7 /* PBXContainerItemProxy */ = {
			isa = PBXContainerItemProxy;
			containerPortal = 2D09E9A02073D688008320D7 /* Project object */;
			proxyType = 1;
			remoteGlobalIDString = 2D09E9A72073D688008320D7;
			remoteInfo = ModularBagExperiment;
		};
		2D09E9C82073D68B008320D7 /* PBXContainerItemProxy */ = {
			isa = PBXContainerItemProxy;
			containerPortal = 2D09E9A02073D688008320D7 /* Project object */;
			proxyType = 1;
			remoteGlobalIDString = 2D09E9A72073D688008320D7;
			remoteInfo = ModularBagExperiment;
		};
/* End PBXContainerItemProxy section */

/* Begin PBXCopyFilesBuildPhase section */
		2D9FD2B12074C446009D1CDF /* Embed Frameworks */ = {
			isa = PBXCopyFilesBuildPhase;
			buildActionMask = 2147483647;
			dstPath = "";
			dstSubfolderSpec = 10;
			files = (
				2D9FD2B02074C446009D1CDF /* Lottie.framework in Embed Frameworks */,
			);
			name = "Embed Frameworks";
			runOnlyForDeploymentPostprocessing = 0;
		};
/* End PBXCopyFilesBuildPhase section */

/* Begin PBXFileReference section */
		1E0ACCD50480EACCCDBCBB7D /* Pods-ModularBagExperiment.debug.xcconfig */ = {isa = PBXFileReference; includeInIndex = 1; lastKnownFileType = text.xcconfig; name = "Pods-ModularBagExperiment.debug.xcconfig"; path = "Pods/Target Support Files/Pods-ModularBagExperiment/Pods-ModularBagExperiment.debug.xcconfig"; sourceTree = "<group>"; };
		28346DF810B8B2933F97F64E /* Pods-ModularBagExperiment.release.xcconfig */ = {isa = PBXFileReference; includeInIndex = 1; lastKnownFileType = text.xcconfig; name = "Pods-ModularBagExperiment.release.xcconfig"; path = "Pods/Target Support Files/Pods-ModularBagExperiment/Pods-ModularBagExperiment.release.xcconfig"; sourceTree = "<group>"; };
		2D09E9A82073D688008320D7 /* ModularBagExperiment.app */ = {isa = PBXFileReference; explicitFileType = wrapper.application; includeInIndex = 0; path = ModularBagExperiment.app; sourceTree = BUILT_PRODUCTS_DIR; };
		2D09E9AB2073D688008320D7 /* AppDelegate.swift */ = {isa = PBXFileReference; lastKnownFileType = sourcecode.swift; path = AppDelegate.swift; sourceTree = "<group>"; };
		2D09E9AD2073D688008320D7 /* ViewController.swift */ = {isa = PBXFileReference; lastKnownFileType = sourcecode.swift; path = ViewController.swift; sourceTree = "<group>"; };
		2D09E9B02073D688008320D7 /* Base */ = {isa = PBXFileReference; lastKnownFileType = file.storyboard; name = Base; path = Base.lproj/Main.storyboard; sourceTree = "<group>"; };
		2D09E9B22073D68A008320D7 /* Assets.xcassets */ = {isa = PBXFileReference; lastKnownFileType = folder.assetcatalog; path = Assets.xcassets; sourceTree = "<group>"; };
		2D09E9B52073D68A008320D7 /* Base */ = {isa = PBXFileReference; lastKnownFileType = file.storyboard; name = Base; path = Base.lproj/LaunchScreen.storyboard; sourceTree = "<group>"; };
		2D09E9B72073D68A008320D7 /* Info.plist */ = {isa = PBXFileReference; lastKnownFileType = text.plist.xml; path = Info.plist; sourceTree = "<group>"; };
		2D09E9BC2073D68A008320D7 /* ModularBagExperimentTests.xctest */ = {isa = PBXFileReference; explicitFileType = wrapper.cfbundle; includeInIndex = 0; path = ModularBagExperimentTests.xctest; sourceTree = BUILT_PRODUCTS_DIR; };
		2D09E9C02073D68A008320D7 /* ModularBagExperimentTests.swift */ = {isa = PBXFileReference; lastKnownFileType = sourcecode.swift; path = ModularBagExperimentTests.swift; sourceTree = "<group>"; };
		2D09E9C22073D68A008320D7 /* Info.plist */ = {isa = PBXFileReference; lastKnownFileType = text.plist.xml; path = Info.plist; sourceTree = "<group>"; };
		2D09E9C72073D68B008320D7 /* ModularBagExperimentUITests.xctest */ = {isa = PBXFileReference; explicitFileType = wrapper.cfbundle; includeInIndex = 0; path = ModularBagExperimentUITests.xctest; sourceTree = BUILT_PRODUCTS_DIR; };
		2D09E9CB2073D68B008320D7 /* ModularBagExperimentUITests.swift */ = {isa = PBXFileReference; lastKnownFileType = sourcecode.swift; path = ModularBagExperimentUITests.swift; sourceTree = "<group>"; };
		2D09E9CD2073D68B008320D7 /* Info.plist */ = {isa = PBXFileReference; lastKnownFileType = text.plist.xml; path = Info.plist; sourceTree = "<group>"; };
		2D9FD25E2073D9A1009D1CDF /* SwipeToDeleteCell.swift */ = {isa = PBXFileReference; lastKnownFileType = sourcecode.swift; path = SwipeToDeleteCell.swift; sourceTree = "<group>"; };
		2D9FD25F2073D9A1009D1CDF /* PoqModularBagCellBuilder.swift */ = {isa = PBXFileReference; lastKnownFileType = sourcecode.swift; path = PoqModularBagCellBuilder.swift; sourceTree = "<group>"; };
		2D9FD2602073D9A1009D1CDF /* PoqModularBagPresenter.swift */ = {isa = PBXFileReference; lastKnownFileType = sourcecode.swift; path = PoqModularBagPresenter.swift; sourceTree = "<group>"; };
		2D9FD2612073D9A1009D1CDF /* BagViewState.swift */ = {isa = PBXFileReference; lastKnownFileType = sourcecode.swift; path = BagViewState.swift; sourceTree = "<group>"; };
		2D9FD2622073D9A1009D1CDF /* ModularBagItemCell.xib */ = {isa = PBXFileReference; lastKnownFileType = file.xib; path = ModularBagItemCell.xib; sourceTree = "<group>"; };
		2D9FD2632073D9A1009D1CDF /* TappableCell.swift */ = {isa = PBXFileReference; lastKnownFileType = sourcecode.swift; path = TappableCell.swift; sourceTree = "<group>"; };
		2D9FD2642073D9A1009D1CDF /* ModularBagRouter.swift */ = {isa = PBXFileReference; lastKnownFileType = sourcecode.swift; path = ModularBagRouter.swift; sourceTree = "<group>"; };
		2D9FD2652073D9A2009D1CDF /* ModularCollectionViewDelegate.swift */ = {isa = PBXFileReference; lastKnownFileType = sourcecode.swift; path = ModularCollectionViewDelegate.swift; sourceTree = "<group>"; };
		2D9FD2662073D9A2009D1CDF /* EditableCell.swift */ = {isa = PBXFileReference; lastKnownFileType = sourcecode.swift; path = EditableCell.swift; sourceTree = "<group>"; };
		2D9FD2672073D9A2009D1CDF /* ContentBlockBuilder.swift */ = {isa = PBXFileReference; lastKnownFileType = sourcecode.swift; path = ContentBlockBuilder.swift; sourceTree = "<group>"; };
		2D9FD2682073D9A2009D1CDF /* PoqModularBagCollectionViewDataSource.swift */ = {isa = PBXFileReference; lastKnownFileType = sourcecode.swift; path = PoqModularBagCollectionViewDataSource.swift; sourceTree = "<group>"; };
		2D9FD2692073D9A2009D1CDF /* PoqModularBagInteractor.swift */ = {isa = PBXFileReference; lastKnownFileType = sourcecode.swift; path = PoqModularBagInteractor.swift; sourceTree = "<group>"; };
		2D9FD26A2073D9A2009D1CDF /* ModularBagItemCell.swift */ = {isa = PBXFileReference; lastKnownFileType = sourcecode.swift; path = ModularBagItemCell.swift; sourceTree = "<group>"; };
		2D9FD26B2073D9A2009D1CDF /* PoqModularBagDataManager.swift */ = {isa = PBXFileReference; lastKnownFileType = sourcecode.swift; path = PoqModularBagDataManager.swift; sourceTree = "<group>"; };
		2D9FD26C2073D9A3009D1CDF /* ContentStore.swift */ = {isa = PBXFileReference; lastKnownFileType = sourcecode.swift; path = ContentStore.swift; sourceTree = "<group>"; };
		2D9FD26D2073D9A3009D1CDF /* ModularBag.swift */ = {isa = PBXFileReference; lastKnownFileType = sourcecode.swift; path = ModularBag.swift; sourceTree = "<group>"; };
		2D9FD26F2073D9A3009D1CDF /* PoqModularBagBuilder.swift */ = {isa = PBXFileReference; lastKnownFileType = sourcecode.swift; path = PoqModularBagBuilder.swift; sourceTree = "<group>"; };
		2D9FD2702073D9A3009D1CDF /* PoqModularBagView.xib */ = {isa = PBXFileReference; lastKnownFileType = file.xib; path = PoqModularBagView.xib; sourceTree = "<group>"; };
		2D9FD2732073D9A4009D1CDF /* ModularBagDataManager.swift */ = {isa = PBXFileReference; lastKnownFileType = sourcecode.swift; path = ModularBagDataManager.swift; sourceTree = "<group>"; };
		2D9FD2742073D9A4009D1CDF /* ModularBagPresenter.swift */ = {isa = PBXFileReference; lastKnownFileType = sourcecode.swift; path = ModularBagPresenter.swift; sourceTree = "<group>"; };
		2D9FD2752073D9A4009D1CDF /* ModularCell.swift */ = {isa = PBXFileReference; lastKnownFileType = sourcecode.swift; path = ModularCell.swift; sourceTree = "<group>"; };
		2D9FD2762073D9A4009D1CDF /* delete.imageset */ = {isa = PBXFileReference; lastKnownFileType = folder; path = delete.imageset; sourceTree = "<group>"; };
		2D9FD2772073D9A4009D1CDF /* ModularBagInteractor.swift */ = {isa = PBXFileReference; lastKnownFileType = sourcecode.swift; path = ModularBagInteractor.swift; sourceTree = "<group>"; };
		2D9FD2782073D9A5009D1CDF /* DataStore.swift */ = {isa = PBXFileReference; lastKnownFileType = sourcecode.swift; path = DataStore.swift; sourceTree = "<group>"; };
		2D9FD2792073D9A5009D1CDF /* ModularCollectionViewDataSource.swift */ = {isa = PBXFileReference; lastKnownFileType = sourcecode.swift; path = ModularCollectionViewDataSource.swift; sourceTree = "<group>"; };
		2D9FD27A2073D9A5009D1CDF /* PoqClassicBagContentBlockBuilder.swift */ = {isa = PBXFileReference; lastKnownFileType = sourcecode.swift; path = PoqClassicBagContentBlockBuilder.swift; sourceTree = "<group>"; };
		2D9FD27B2073D9A5009D1CDF /* PoqClassicBagDataManager.swift */ = {isa = PBXFileReference; lastKnownFileType = sourcecode.swift; path = PoqClassicBagDataManager.swift; sourceTree = "<group>"; };
		2D9FD27C2073D9A5009D1CDF /* PoqModularBagCollectionViewDelegate.swift */ = {isa = PBXFileReference; lastKnownFileType = sourcecode.swift; path = PoqModularBagCollectionViewDelegate.swift; sourceTree = "<group>"; };
		2D9FD27D2073D9A5009D1CDF /* PoqModularBagContentBlockBuilder.swift */ = {isa = PBXFileReference; lastKnownFileType = sourcecode.swift; path = PoqModularBagContentBlockBuilder.swift; sourceTree = "<group>"; };
		2D9FD27E2073D9A6009D1CDF /* CellBuilder.swift */ = {isa = PBXFileReference; lastKnownFileType = sourcecode.swift; path = CellBuilder.swift; sourceTree = "<group>"; };
		2D9FD27F2073D9A6009D1CDF /* PoqModularBagRouter.swift */ = {isa = PBXFileReference; lastKnownFileType = sourcecode.swift; path = PoqModularBagRouter.swift; sourceTree = "<group>"; };
		2D9FD2802073D9A6009D1CDF /* PoqModularBagViewData.swift */ = {isa = PBXFileReference; lastKnownFileType = sourcecode.swift; path = PoqModularBagViewData.swift; sourceTree = "<group>"; };
		2D9FD2812073D9A6009D1CDF /* ModularBagBuilder.swift */ = {isa = PBXFileReference; lastKnownFileType = sourcecode.swift; path = ModularBagBuilder.swift; sourceTree = "<group>"; };
		2D9FD2A72073DBFE009D1CDF /* Lottie.framework */ = {isa = PBXFileReference; lastKnownFileType = wrapper.framework; name = Lottie.framework; path = ModularBagExperiment/Carthage/Build/iOS/Lottie.framework; sourceTree = "<group>"; };
		2D9FD2A92073DF85009D1CDF /* PoqReusableView.swift */ = {isa = PBXFileReference; fileEncoding = 4; lastKnownFileType = sourcecode.swift; path = PoqReusableView.swift; sourceTree = "<group>"; };
		2D9FD2AB2073DFF1009D1CDF /* UIColorExtension.swift */ = {isa = PBXFileReference; fileEncoding = 4; lastKnownFileType = sourcecode.swift; path = UIColorExtension.swift; sourceTree = "<group>"; };
		2D9FD2B22074EE92009D1CDF /* BagItems.json */ = {isa = PBXFileReference; lastKnownFileType = text.json; path = BagItems.json; sourceTree = "<group>"; };
		2DBF8D112077BB5800054B9C /* like.json */ = {isa = PBXFileReference; fileEncoding = 4; lastKnownFileType = text.json; path = like.json; sourceTree = "<group>"; };
		2DBF8D13207B5DF300054B9C /* PoqModularBagViewController.swift */ = {isa = PBXFileReference; lastKnownFileType = sourcecode.swift; name = PoqModularBagViewController.swift; path = /Users/bala/iOS/ModularBagExperiment/ModularBagExperiment/ModularBagExperiment/ModularBag/PoqModularBagViewController.swift; sourceTree = "<absolute>"; };
		7A63E9D3494766BD0C70EEB7 /* Pods_ModularBagExperiment.framework */ = {isa = PBXFileReference; explicitFileType = wrapper.framework; includeInIndex = 0; path = Pods_ModularBagExperiment.framework; sourceTree = BUILT_PRODUCTS_DIR; };
/* End PBXFileReference section */

/* Begin PBXFrameworksBuildPhase section */
		2D09E9A52073D688008320D7 /* Frameworks */ = {
			isa = PBXFrameworksBuildPhase;
			buildActionMask = 2147483647;
			files = (
				2D9FD2A82073DBFE009D1CDF /* Lottie.framework in Frameworks */,
				2D9FD2AF2074C446009D1CDF /* Lottie.framework in Frameworks */,
			);
			runOnlyForDeploymentPostprocessing = 0;
		};
		2D09E9B92073D68A008320D7 /* Frameworks */ = {
			isa = PBXFrameworksBuildPhase;
			buildActionMask = 2147483647;
			files = (
			);
			runOnlyForDeploymentPostprocessing = 0;
		};
		2D09E9C42073D68B008320D7 /* Frameworks */ = {
			isa = PBXFrameworksBuildPhase;
			buildActionMask = 2147483647;
			files = (
			);
			runOnlyForDeploymentPostprocessing = 0;
		};
/* End PBXFrameworksBuildPhase section */

/* Begin PBXGroup section */
		2D09E99F2073D688008320D7 = {
			isa = PBXGroup;
			children = (
				2D09E9AA2073D688008320D7 /* ModularBagExperiment */,
				2D09E9BF2073D68A008320D7 /* ModularBagExperimentTests */,
				2D09E9CA2073D68B008320D7 /* ModularBagExperimentUITests */,
				2D09E9A92073D688008320D7 /* Products */,
				2D9FD2A62073DBFD009D1CDF /* Frameworks */,
				C5540D2EC0D56CBF095821B9 /* Pods */,
			);
			sourceTree = "<group>";
		};
		2D09E9A92073D688008320D7 /* Products */ = {
			isa = PBXGroup;
			children = (
				2D09E9A82073D688008320D7 /* ModularBagExperiment.app */,
				2D09E9BC2073D68A008320D7 /* ModularBagExperimentTests.xctest */,
				2D09E9C72073D68B008320D7 /* ModularBagExperimentUITests.xctest */,
			);
			name = Products;
			sourceTree = "<group>";
		};
		2D09E9AA2073D688008320D7 /* ModularBagExperiment */ = {
			isa = PBXGroup;
			children = (
				2D9FD2AB2073DFF1009D1CDF /* UIColorExtension.swift */,
				2D9FD2A92073DF85009D1CDF /* PoqReusableView.swift */,
				2D09E9D92073D76C008320D7 /* ModularBag */,
				2D09E9AB2073D688008320D7 /* AppDelegate.swift */,
				2D09E9AD2073D688008320D7 /* ViewController.swift */,
				2D09E9AF2073D688008320D7 /* Main.storyboard */,
				2D09E9B22073D68A008320D7 /* Assets.xcassets */,
				2D09E9B42073D68A008320D7 /* LaunchScreen.storyboard */,
				2D09E9B72073D68A008320D7 /* Info.plist */,
				2D9FD2B22074EE92009D1CDF /* BagItems.json */,
			);
			path = ModularBagExperiment;
			sourceTree = "<group>";
		};
		2D09E9BF2073D68A008320D7 /* ModularBagExperimentTests */ = {
			isa = PBXGroup;
			children = (
				2D09E9C02073D68A008320D7 /* ModularBagExperimentTests.swift */,
				2D09E9C22073D68A008320D7 /* Info.plist */,
			);
			path = ModularBagExperimentTests;
			sourceTree = "<group>";
		};
		2D09E9CA2073D68B008320D7 /* ModularBagExperimentUITests */ = {
			isa = PBXGroup;
			children = (
				2D09E9CB2073D68B008320D7 /* ModularBagExperimentUITests.swift */,
				2D09E9CD2073D68B008320D7 /* Info.plist */,
			);
			path = ModularBagExperimentUITests;
			sourceTree = "<group>";
		};
		2D09E9D92073D76C008320D7 /* ModularBag */ = {
			isa = PBXGroup;
			children = (
				2DBF8D20207B617200054B9C /* DataManager */,
				2DBF8D1F207B613E00054B9C /* Builder */,
				2DBF8D1E207B613400054B9C /* Router */,
				2DBF8D1D207B612C00054B9C /* Presenter */,
				2DBF8D1B207B60FD00054B9C /* Interactor */,
				2DBF8D16207B60B800054B9C /* View */,
				2DBF8D112077BB5800054B9C /* like.json */,
				2D9FD2762073D9A4009D1CDF /* delete.imageset */,
			);
			path = ModularBag;
			sourceTree = "<group>";
		};
		2D9FD2A62073DBFD009D1CDF /* Frameworks */ = {
			isa = PBXGroup;
			children = (
				2D9FD2A72073DBFE009D1CDF /* Lottie.framework */,
				7A63E9D3494766BD0C70EEB7 /* Pods_ModularBagExperiment.framework */,
			);
			name = Frameworks;
			sourceTree = "<group>";
		};
		2DBF8D16207B60B800054B9C /* View */ = {
			isa = PBXGroup;
			children = (
				2D9FD2702073D9A3009D1CDF /* PoqModularBagView.xib */,
				2D9FD27C2073D9A5009D1CDF /* PoqModularBagCollectionViewDelegate.swift */,
				2D9FD2682073D9A2009D1CDF /* PoqModularBagCollectionViewDataSource.swift */,
				2D9FD2652073D9A2009D1CDF /* ModularCollectionViewDelegate.swift */,
				2D9FD2792073D9A5009D1CDF /* ModularCollectionViewDataSource.swift */,
				2DBF8D13207B5DF300054B9C /* PoqModularBagViewController.swift */,
				2D9FD2612073D9A1009D1CDF /* BagViewState.swift */,
				2DBF8D1A207B60EA00054B9C /* CollectionViewCells */,
				2DBF8D19207B60DE00054B9C /* ViewData */,
				2DBF8D17207B60CD00054B9C /* CellBuilder */,
			);
			path = View;
			sourceTree = "<group>";
		};
		2DBF8D17207B60CD00054B9C /* CellBuilder */ = {
			isa = PBXGroup;
			children = (
				2D9FD25F2073D9A1009D1CDF /* PoqModularBagCellBuilder.swift */,
				2D9FD27E2073D9A6009D1CDF /* CellBuilder.swift */,
			);
			path = CellBuilder;
			sourceTree = "<group>";
		};
		2DBF8D19207B60DE00054B9C /* ViewData */ = {
			isa = PBXGroup;
			children = (
				2D9FD2802073D9A6009D1CDF /* PoqModularBagViewData.swift */,
			);
			path = ViewData;
			sourceTree = "<group>";
		};
		2DBF8D1A207B60EA00054B9C /* CollectionViewCells */ = {
			isa = PBXGroup;
			children = (
				2D9FD2632073D9A1009D1CDF /* TappableCell.swift */,
				2D9FD25E2073D9A1009D1CDF /* SwipeToDeleteCell.swift */,
				2D9FD2752073D9A4009D1CDF /* ModularCell.swift */,
				2D9FD26A2073D9A2009D1CDF /* ModularBagItemCell.swift */,
				2D9FD2622073D9A1009D1CDF /* ModularBagItemCell.xib */,
				2D9FD2662073D9A2009D1CDF /* EditableCell.swift */,
			);
			path = CollectionViewCells;
			sourceTree = "<group>";
		};
		2DBF8D1B207B60FD00054B9C /* Interactor */ = {
			isa = PBXGroup;
			children = (
				2D9FD2782073D9A5009D1CDF /* DataStore.swift */,
				2D9FD2692073D9A2009D1CDF /* PoqModularBagInteractor.swift */,
				2D9FD2772073D9A4009D1CDF /* ModularBagInteractor.swift */,
				2DBF8D1C207B611000054B9C /* ContentBlockBuilder */,
			);
			path = Interactor;
			sourceTree = "<group>";
		};
		2DBF8D1C207B611000054B9C /* ContentBlockBuilder */ = {
			isa = PBXGroup;
			children = (
				2D9FD27D2073D9A5009D1CDF /* PoqModularBagContentBlockBuilder.swift */,
				2D9FD27A2073D9A5009D1CDF /* PoqClassicBagContentBlockBuilder.swift */,
				2D9FD2672073D9A2009D1CDF /* ContentBlockBuilder.swift */,
			);
			path = ContentBlockBuilder;
			sourceTree = "<group>";
		};
		2DBF8D1D207B612C00054B9C /* Presenter */ = {
			isa = PBXGroup;
			children = (
				2D9FD26C2073D9A3009D1CDF /* ContentStore.swift */,
				2D9FD2602073D9A1009D1CDF /* PoqModularBagPresenter.swift */,
				2D9FD2742073D9A4009D1CDF /* ModularBagPresenter.swift */,
			);
			path = Presenter;
			sourceTree = "<group>";
		};
		2DBF8D1E207B613400054B9C /* Router */ = {
			isa = PBXGroup;
			children = (
				2D9FD2642073D9A1009D1CDF /* ModularBagRouter.swift */,
				2D9FD27F2073D9A6009D1CDF /* PoqModularBagRouter.swift */,
			);
			path = Router;
			sourceTree = "<group>";
		};
		2DBF8D1F207B613E00054B9C /* Builder */ = {
			isa = PBXGroup;
			children = (
				2D9FD26F2073D9A3009D1CDF /* PoqModularBagBuilder.swift */,
				2D9FD2812073D9A6009D1CDF /* ModularBagBuilder.swift */,
			);
			path = Builder;
			sourceTree = "<group>";
		};
		2DBF8D20207B617200054B9C /* DataManager */ = {
			isa = PBXGroup;
			children = (
				2D9FD26B2073D9A2009D1CDF /* PoqModularBagDataManager.swift */,
				2D9FD27B2073D9A5009D1CDF /* PoqClassicBagDataManager.swift */,
				2D9FD26D2073D9A3009D1CDF /* ModularBag.swift */,
				2D9FD2732073D9A4009D1CDF /* ModularBagDataManager.swift */,
			);
			path = DataManager;
			sourceTree = "<group>";
		};
		C5540D2EC0D56CBF095821B9 /* Pods */ = {
			isa = PBXGroup;
			children = (
				1E0ACCD50480EACCCDBCBB7D /* Pods-ModularBagExperiment.debug.xcconfig */,
				28346DF810B8B2933F97F64E /* Pods-ModularBagExperiment.release.xcconfig */,
			);
			name = Pods;
			sourceTree = "<group>";
		};
/* End PBXGroup section */

/* Begin PBXNativeTarget section */
		2D09E9A72073D688008320D7 /* ModularBagExperiment */ = {
			isa = PBXNativeTarget;
			buildConfigurationList = 2D09E9D02073D68B008320D7 /* Build configuration list for PBXNativeTarget "ModularBagExperiment" */;
			buildPhases = (
				2D09E9A42073D688008320D7 /* Sources */,
				2D09E9A52073D688008320D7 /* Frameworks */,
				2D09E9A62073D688008320D7 /* Resources */,
				2D9FD2B12074C446009D1CDF /* Embed Frameworks */,
			);
			buildRules = (
			);
			dependencies = (
			);
			name = ModularBagExperiment;
			productName = ModularBagExperiment;
			productReference = 2D09E9A82073D688008320D7 /* ModularBagExperiment.app */;
			productType = "com.apple.product-type.application";
		};
		2D09E9BB2073D68A008320D7 /* ModularBagExperimentTests */ = {
			isa = PBXNativeTarget;
			buildConfigurationList = 2D09E9D32073D68B008320D7 /* Build configuration list for PBXNativeTarget "ModularBagExperimentTests" */;
			buildPhases = (
				2D09E9B82073D68A008320D7 /* Sources */,
				2D09E9B92073D68A008320D7 /* Frameworks */,
				2D09E9BA2073D68A008320D7 /* Resources */,
			);
			buildRules = (
			);
			dependencies = (
				2D09E9BE2073D68A008320D7 /* PBXTargetDependency */,
			);
			name = ModularBagExperimentTests;
			productName = ModularBagExperimentTests;
			productReference = 2D09E9BC2073D68A008320D7 /* ModularBagExperimentTests.xctest */;
			productType = "com.apple.product-type.bundle.unit-test";
		};
		2D09E9C62073D68B008320D7 /* ModularBagExperimentUITests */ = {
			isa = PBXNativeTarget;
			buildConfigurationList = 2D09E9D62073D68B008320D7 /* Build configuration list for PBXNativeTarget "ModularBagExperimentUITests" */;
			buildPhases = (
				2D09E9C32073D68B008320D7 /* Sources */,
				2D09E9C42073D68B008320D7 /* Frameworks */,
				2D09E9C52073D68B008320D7 /* Resources */,
			);
			buildRules = (
			);
			dependencies = (
				2D09E9C92073D68B008320D7 /* PBXTargetDependency */,
			);
			name = ModularBagExperimentUITests;
			productName = ModularBagExperimentUITests;
			productReference = 2D09E9C72073D68B008320D7 /* ModularBagExperimentUITests.xctest */;
			productType = "com.apple.product-type.bundle.ui-testing";
		};
/* End PBXNativeTarget section */

/* Begin PBXProject section */
		2D09E9A02073D688008320D7 /* Project object */ = {
			isa = PBXProject;
			attributes = {
				LastSwiftUpdateCheck = 0930;
				LastUpgradeCheck = 0930;
				ORGANIZATIONNAME = "Balaji Reddy";
				TargetAttributes = {
					2D09E9A72073D688008320D7 = {
						CreatedOnToolsVersion = 9.3;
					};
					2D09E9BB2073D68A008320D7 = {
						CreatedOnToolsVersion = 9.3;
						TestTargetID = 2D09E9A72073D688008320D7;
					};
					2D09E9C62073D68B008320D7 = {
						CreatedOnToolsVersion = 9.3;
						TestTargetID = 2D09E9A72073D688008320D7;
					};
				};
			};
			buildConfigurationList = 2D09E9A32073D688008320D7 /* Build configuration list for PBXProject "ModularBagExperiment" */;
			compatibilityVersion = "Xcode 9.3";
			developmentRegion = en;
			hasScannedForEncodings = 0;
			knownRegions = (
				en,
				Base,
			);
			mainGroup = 2D09E99F2073D688008320D7;
			productRefGroup = 2D09E9A92073D688008320D7 /* Products */;
			projectDirPath = "";
			projectRoot = "";
			targets = (
				2D09E9A72073D688008320D7 /* ModularBagExperiment */,
				2D09E9BB2073D68A008320D7 /* ModularBagExperimentTests */,
				2D09E9C62073D68B008320D7 /* ModularBagExperimentUITests */,
			);
		};
/* End PBXProject section */

/* Begin PBXResourcesBuildPhase section */
		2D09E9A62073D688008320D7 /* Resources */ = {
			isa = PBXResourcesBuildPhase;
			buildActionMask = 2147483647;
			files = (
				2D09E9B62073D68A008320D7 /* LaunchScreen.storyboard in Resources */,
				2D09E9B32073D68A008320D7 /* Assets.xcassets in Resources */,
				2D09E9B12073D688008320D7 /* Main.storyboard in Resources */,
				2DBF8D122077BB5900054B9C /* like.json in Resources */,
				2D9FD2B32074EE92009D1CDF /* BagItems.json in Resources */,
			);
			runOnlyForDeploymentPostprocessing = 0;
		};
		2D09E9BA2073D68A008320D7 /* Resources */ = {
			isa = PBXResourcesBuildPhase;
			buildActionMask = 2147483647;
			files = (
			);
			runOnlyForDeploymentPostprocessing = 0;
		};
		2D09E9C52073D68B008320D7 /* Resources */ = {
			isa = PBXResourcesBuildPhase;
			buildActionMask = 2147483647;
			files = (
			);
			runOnlyForDeploymentPostprocessing = 0;
		};
/* End PBXResourcesBuildPhase section */

/* Begin PBXSourcesBuildPhase section */
		2D09E9A42073D688008320D7 /* Sources */ = {
			isa = PBXSourcesBuildPhase;
			buildActionMask = 2147483647;
			files = (
				2D9FD2822073D9A6009D1CDF /* SwipeToDeleteCell.swift in Sources */,
				2D9FD2832073D9A6009D1CDF /* PoqModularBagCellBuilder.swift in Sources */,
				2DBF8D14207B5DF300054B9C /* PoqModularBagViewController.swift in Sources */,
				2D9FD2842073D9A6009D1CDF /* PoqModularBagPresenter.swift in Sources */,
				2D9FD2852073D9A6009D1CDF /* BagViewState.swift in Sources */,
				2D9FD2862073D9A6009D1CDF /* ModularBagItemCell.xib in Sources */,
				2D9FD2872073D9A6009D1CDF /* TappableCell.swift in Sources */,
				2D9FD2882073D9A6009D1CDF /* ModularBagRouter.swift in Sources */,
				2D9FD2892073D9A6009D1CDF /* ModularCollectionViewDelegate.swift in Sources */,
				2D9FD28A2073D9A6009D1CDF /* EditableCell.swift in Sources */,
				2D9FD28B2073D9A6009D1CDF /* ContentBlockBuilder.swift in Sources */,
				2D9FD2AA2073DF85009D1CDF /* PoqReusableView.swift in Sources */,
				2D9FD28C2073D9A6009D1CDF /* PoqModularBagCollectionViewDataSource.swift in Sources */,
				2D9FD28D2073D9A6009D1CDF /* PoqModularBagInteractor.swift in Sources */,
				2D9FD28E2073D9A6009D1CDF /* ModularBagItemCell.swift in Sources */,
				2D9FD28F2073D9A6009D1CDF /* PoqModularBagDataManager.swift in Sources */,
				2D9FD2902073D9A7009D1CDF /* ContentStore.swift in Sources */,
				2D9FD2912073D9A7009D1CDF /* ModularBag.swift in Sources */,
				2D9FD2932073D9A7009D1CDF /* PoqModularBagBuilder.swift in Sources */,
				2D9FD2942073D9A7009D1CDF /* PoqModularBagView.xib in Sources */,
				2D9FD2972073D9A7009D1CDF /* ModularBagDataManager.swift in Sources */,
				2D9FD2982073D9A7009D1CDF /* ModularBagPresenter.swift in Sources */,
				2D9FD2992073D9A7009D1CDF /* ModularCell.swift in Sources */,
				2D9FD29A2073D9A7009D1CDF /* delete.imageset in Sources */,
				2D9FD29B2073D9A7009D1CDF /* ModularBagInteractor.swift in Sources */,
				2D9FD2AC2073DFF1009D1CDF /* UIColorExtension.swift in Sources */,
				2D9FD29C2073D9A7009D1CDF /* DataStore.swift in Sources */,
				2D9FD29D2073D9A7009D1CDF /* ModularCollectionViewDataSource.swift in Sources */,
				2D9FD29E2073D9A7009D1CDF /* PoqClassicBagContentBlockBuilder.swift in Sources */,
				2D9FD29F2073D9A7009D1CDF /* PoqClassicBagDataManager.swift in Sources */,
				2D9FD2A02073D9A7009D1CDF /* PoqModularBagCollectionViewDelegate.swift in Sources */,
				2D9FD2A12073D9A7009D1CDF /* PoqModularBagContentBlockBuilder.swift in Sources */,
				2D9FD2A22073D9A7009D1CDF /* CellBuilder.swift in Sources */,
				2D9FD2A32073D9A7009D1CDF /* PoqModularBagRouter.swift in Sources */,
				2D9FD2A42073D9A7009D1CDF /* PoqModularBagViewData.swift in Sources */,
				2D9FD2A52073D9A7009D1CDF /* ModularBagBuilder.swift in Sources */,
				2D09E9AE2073D688008320D7 /* ViewController.swift in Sources */,
				2D09E9AC2073D688008320D7 /* AppDelegate.swift in Sources */,
			);
			runOnlyForDeploymentPostprocessing = 0;
		};
		2D09E9B82073D68A008320D7 /* Sources */ = {
			isa = PBXSourcesBuildPhase;
			buildActionMask = 2147483647;
			files = (
				2D09E9C12073D68A008320D7 /* ModularBagExperimentTests.swift in Sources */,
			);
			runOnlyForDeploymentPostprocessing = 0;
		};
		2D09E9C32073D68B008320D7 /* Sources */ = {
			isa = PBXSourcesBuildPhase;
			buildActionMask = 2147483647;
			files = (
				2D09E9CC2073D68B008320D7 /* ModularBagExperimentUITests.swift in Sources */,
			);
			runOnlyForDeploymentPostprocessing = 0;
		};
/* End PBXSourcesBuildPhase section */

/* Begin PBXTargetDependency section */
		2D09E9BE2073D68A008320D7 /* PBXTargetDependency */ = {
			isa = PBXTargetDependency;
			target = 2D09E9A72073D688008320D7 /* ModularBagExperiment */;
			targetProxy = 2D09E9BD2073D68A008320D7 /* PBXContainerItemProxy */;
		};
		2D09E9C92073D68B008320D7 /* PBXTargetDependency */ = {
			isa = PBXTargetDependency;
			target = 2D09E9A72073D688008320D7 /* ModularBagExperiment */;
			targetProxy = 2D09E9C82073D68B008320D7 /* PBXContainerItemProxy */;
		};
/* End PBXTargetDependency section */

/* Begin PBXVariantGroup section */
		2D09E9AF2073D688008320D7 /* Main.storyboard */ = {
			isa = PBXVariantGroup;
			children = (
				2D09E9B02073D688008320D7 /* Base */,
			);
			name = Main.storyboard;
			sourceTree = "<group>";
		};
		2D09E9B42073D68A008320D7 /* LaunchScreen.storyboard */ = {
			isa = PBXVariantGroup;
			children = (
				2D09E9B52073D68A008320D7 /* Base */,
			);
			name = LaunchScreen.storyboard;
			sourceTree = "<group>";
		};
/* End PBXVariantGroup section */

/* Begin XCBuildConfiguration section */
		2D09E9CE2073D68B008320D7 /* Debug */ = {
			isa = XCBuildConfiguration;
			buildSettings = {
				ALWAYS_SEARCH_USER_PATHS = NO;
				CLANG_ANALYZER_NONNULL = YES;
				CLANG_ANALYZER_NUMBER_OBJECT_CONVERSION = YES_AGGRESSIVE;
				CLANG_CXX_LANGUAGE_STANDARD = "gnu++14";
				CLANG_CXX_LIBRARY = "libc++";
				CLANG_ENABLE_MODULES = YES;
				CLANG_ENABLE_OBJC_ARC = YES;
				CLANG_ENABLE_OBJC_WEAK = YES;
				CLANG_WARN_BLOCK_CAPTURE_AUTORELEASING = YES;
				CLANG_WARN_BOOL_CONVERSION = YES;
				CLANG_WARN_COMMA = YES;
				CLANG_WARN_CONSTANT_CONVERSION = YES;
				CLANG_WARN_DEPRECATED_OBJC_IMPLEMENTATIONS = YES;
				CLANG_WARN_DIRECT_OBJC_ISA_USAGE = YES_ERROR;
				CLANG_WARN_DOCUMENTATION_COMMENTS = YES;
				CLANG_WARN_EMPTY_BODY = YES;
				CLANG_WARN_ENUM_CONVERSION = YES;
				CLANG_WARN_INFINITE_RECURSION = YES;
				CLANG_WARN_INT_CONVERSION = YES;
				CLANG_WARN_NON_LITERAL_NULL_CONVERSION = YES;
				CLANG_WARN_OBJC_IMPLICIT_RETAIN_SELF = YES;
				CLANG_WARN_OBJC_LITERAL_CONVERSION = YES;
				CLANG_WARN_OBJC_ROOT_CLASS = YES_ERROR;
				CLANG_WARN_RANGE_LOOP_ANALYSIS = YES;
				CLANG_WARN_STRICT_PROTOTYPES = YES;
				CLANG_WARN_SUSPICIOUS_MOVE = YES;
				CLANG_WARN_UNGUARDED_AVAILABILITY = YES_AGGRESSIVE;
				CLANG_WARN_UNREACHABLE_CODE = YES;
				CLANG_WARN__DUPLICATE_METHOD_MATCH = YES;
				CODE_SIGN_IDENTITY = "iPhone Developer";
				COPY_PHASE_STRIP = NO;
				DEBUG_INFORMATION_FORMAT = dwarf;
				ENABLE_STRICT_OBJC_MSGSEND = YES;
				ENABLE_TESTABILITY = YES;
				GCC_C_LANGUAGE_STANDARD = gnu11;
				GCC_DYNAMIC_NO_PIC = NO;
				GCC_NO_COMMON_BLOCKS = YES;
				GCC_OPTIMIZATION_LEVEL = 0;
				GCC_PREPROCESSOR_DEFINITIONS = (
					"DEBUG=1",
					"$(inherited)",
				);
				GCC_WARN_64_TO_32_BIT_CONVERSION = YES;
				GCC_WARN_ABOUT_RETURN_TYPE = YES_ERROR;
				GCC_WARN_UNDECLARED_SELECTOR = YES;
				GCC_WARN_UNINITIALIZED_AUTOS = YES_AGGRESSIVE;
				GCC_WARN_UNUSED_FUNCTION = YES;
				GCC_WARN_UNUSED_VARIABLE = YES;
				IPHONEOS_DEPLOYMENT_TARGET = 11.3;
				MTL_ENABLE_DEBUG_INFO = YES;
				ONLY_ACTIVE_ARCH = YES;
				SDKROOT = iphoneos;
				SWIFT_ACTIVE_COMPILATION_CONDITIONS = DEBUG;
				SWIFT_OPTIMIZATION_LEVEL = "-Onone";
				SWIFT_VERSION = 4.0;
			};
			name = Debug;
		};
		2D09E9CF2073D68B008320D7 /* Release */ = {
			isa = XCBuildConfiguration;
			buildSettings = {
				ALWAYS_SEARCH_USER_PATHS = NO;
				CLANG_ANALYZER_NONNULL = YES;
				CLANG_ANALYZER_NUMBER_OBJECT_CONVERSION = YES_AGGRESSIVE;
				CLANG_CXX_LANGUAGE_STANDARD = "gnu++14";
				CLANG_CXX_LIBRARY = "libc++";
				CLANG_ENABLE_MODULES = YES;
				CLANG_ENABLE_OBJC_ARC = YES;
				CLANG_ENABLE_OBJC_WEAK = YES;
				CLANG_WARN_BLOCK_CAPTURE_AUTORELEASING = YES;
				CLANG_WARN_BOOL_CONVERSION = YES;
				CLANG_WARN_COMMA = YES;
				CLANG_WARN_CONSTANT_CONVERSION = YES;
				CLANG_WARN_DEPRECATED_OBJC_IMPLEMENTATIONS = YES;
				CLANG_WARN_DIRECT_OBJC_ISA_USAGE = YES_ERROR;
				CLANG_WARN_DOCUMENTATION_COMMENTS = YES;
				CLANG_WARN_EMPTY_BODY = YES;
				CLANG_WARN_ENUM_CONVERSION = YES;
				CLANG_WARN_INFINITE_RECURSION = YES;
				CLANG_WARN_INT_CONVERSION = YES;
				CLANG_WARN_NON_LITERAL_NULL_CONVERSION = YES;
				CLANG_WARN_OBJC_IMPLICIT_RETAIN_SELF = YES;
				CLANG_WARN_OBJC_LITERAL_CONVERSION = YES;
				CLANG_WARN_OBJC_ROOT_CLASS = YES_ERROR;
				CLANG_WARN_RANGE_LOOP_ANALYSIS = YES;
				CLANG_WARN_STRICT_PROTOTYPES = YES;
				CLANG_WARN_SUSPICIOUS_MOVE = YES;
				CLANG_WARN_UNGUARDED_AVAILABILITY = YES_AGGRESSIVE;
				CLANG_WARN_UNREACHABLE_CODE = YES;
				CLANG_WARN__DUPLICATE_METHOD_MATCH = YES;
				CODE_SIGN_IDENTITY = "iPhone Developer";
				COPY_PHASE_STRIP = NO;
				DEBUG_INFORMATION_FORMAT = "dwarf-with-dsym";
				ENABLE_NS_ASSERTIONS = NO;
				ENABLE_STRICT_OBJC_MSGSEND = YES;
				GCC_C_LANGUAGE_STANDARD = gnu11;
				GCC_NO_COMMON_BLOCKS = YES;
				GCC_WARN_64_TO_32_BIT_CONVERSION = YES;
				GCC_WARN_ABOUT_RETURN_TYPE = YES_ERROR;
				GCC_WARN_UNDECLARED_SELECTOR = YES;
				GCC_WARN_UNINITIALIZED_AUTOS = YES_AGGRESSIVE;
				GCC_WARN_UNUSED_FUNCTION = YES;
				GCC_WARN_UNUSED_VARIABLE = YES;
				IPHONEOS_DEPLOYMENT_TARGET = 11.3;
				MTL_ENABLE_DEBUG_INFO = NO;
				SDKROOT = iphoneos;
				SWIFT_COMPILATION_MODE = wholemodule;
				SWIFT_OPTIMIZATION_LEVEL = "-O";
				SWIFT_VERSION = 4.0;
				VALIDATE_PRODUCT = YES;
			};
			name = Release;
		};
		2D09E9D12073D68B008320D7 /* Debug */ = {
			isa = XCBuildConfiguration;
			baseConfigurationReference = 1E0ACCD50480EACCCDBCBB7D /* Pods-ModularBagExperiment.debug.xcconfig */;
			buildSettings = {
				ASSETCATALOG_COMPILER_APPICON_NAME = AppIcon;
				CODE_SIGN_STYLE = Automatic;
				FRAMEWORK_SEARCH_PATHS = (
					"$(inherited)",
					"$(PROJECT_DIR)/ModularBagExperiment/Carthage/Build/iOS",
				);
				INFOPLIST_FILE = ModularBagExperiment/Info.plist;
				LD_RUNPATH_SEARCH_PATHS = (
					"$(inherited)",
					"@executable_path/Frameworks",
				);
				NEW_SETTING = "";
				PRODUCT_BUNDLE_IDENTIFIER = com.poqstudio.ModularBagExperiment;
				PRODUCT_NAME = "$(TARGET_NAME)";
				SWIFT_VERSION = 4.0;
				TARGETED_DEVICE_FAMILY = "1,2";
			};
			name = Debug;
		};
		2D09E9D22073D68B008320D7 /* Release */ = {
			isa = XCBuildConfiguration;
			baseConfigurationReference = 28346DF810B8B2933F97F64E /* Pods-ModularBagExperiment.release.xcconfig */;
			buildSettings = {
				ASSETCATALOG_COMPILER_APPICON_NAME = AppIcon;
				CODE_SIGN_STYLE = Automatic;
				FRAMEWORK_SEARCH_PATHS = (
					"$(inherited)",
					"$(PROJECT_DIR)/ModularBagExperiment/Carthage/Build/iOS",
				);
				INFOPLIST_FILE = ModularBagExperiment/Info.plist;
				LD_RUNPATH_SEARCH_PATHS = (
					"$(inherited)",
					"@executable_path/Frameworks",
				);
				NEW_SETTING = "";
				PRODUCT_BUNDLE_IDENTIFIER = com.poqstudio.ModularBagExperiment;
				PRODUCT_NAME = "$(TARGET_NAME)";
				SWIFT_VERSION = 4.0;
				TARGETED_DEVICE_FAMILY = "1,2";
			};
			name = Release;
		};
		2D09E9D42073D68B008320D7 /* Debug */ = {
			isa = XCBuildConfiguration;
			buildSettings = {
				ALWAYS_EMBED_SWIFT_STANDARD_LIBRARIES = YES;
				BUNDLE_LOADER = "$(TEST_HOST)";
				CODE_SIGN_STYLE = Automatic;
				INFOPLIST_FILE = ModularBagExperimentTests/Info.plist;
				LD_RUNPATH_SEARCH_PATHS = (
					"$(inherited)",
					"@executable_path/Frameworks",
					"@loader_path/Frameworks",
				);
				PRODUCT_BUNDLE_IDENTIFIER = com.poqstudio.ModularBagExperimentTests;
				PRODUCT_NAME = "$(TARGET_NAME)";
				SWIFT_VERSION = 4.0;
				TARGETED_DEVICE_FAMILY = "1,2";
				TEST_HOST = "$(BUILT_PRODUCTS_DIR)/ModularBagExperiment.app/ModularBagExperiment";
			};
			name = Debug;
		};
		2D09E9D52073D68B008320D7 /* Release */ = {
			isa = XCBuildConfiguration;
			buildSettings = {
				ALWAYS_EMBED_SWIFT_STANDARD_LIBRARIES = YES;
				BUNDLE_LOADER = "$(TEST_HOST)";
				CODE_SIGN_STYLE = Automatic;
				INFOPLIST_FILE = ModularBagExperimentTests/Info.plist;
				LD_RUNPATH_SEARCH_PATHS = (
					"$(inherited)",
					"@executable_path/Frameworks",
					"@loader_path/Frameworks",
				);
				PRODUCT_BUNDLE_IDENTIFIER = com.poqstudio.ModularBagExperimentTests;
				PRODUCT_NAME = "$(TARGET_NAME)";
				SWIFT_VERSION = 4.0;
				TARGETED_DEVICE_FAMILY = "1,2";
				TEST_HOST = "$(BUILT_PRODUCTS_DIR)/ModularBagExperiment.app/ModularBagExperiment";
			};
			name = Release;
		};
		2D09E9D72073D68B008320D7 /* Debug */ = {
			isa = XCBuildConfiguration;
			buildSettings = {
				ALWAYS_EMBED_SWIFT_STANDARD_LIBRARIES = YES;
				CODE_SIGN_STYLE = Automatic;
				INFOPLIST_FILE = ModularBagExperimentUITests/Info.plist;
				LD_RUNPATH_SEARCH_PATHS = (
					"$(inherited)",
					"@executable_path/Frameworks",
					"@loader_path/Frameworks",
				);
				PRODUCT_BUNDLE_IDENTIFIER = com.poqstudio.ModularBagExperimentUITests;
				PRODUCT_NAME = "$(TARGET_NAME)";
				SWIFT_VERSION = 4.0;
				TARGETED_DEVICE_FAMILY = "1,2";
				TEST_TARGET_NAME = ModularBagExperiment;
			};
			name = Debug;
		};
		2D09E9D82073D68B008320D7 /* Release */ = {
			isa = XCBuildConfiguration;
			buildSettings = {
				ALWAYS_EMBED_SWIFT_STANDARD_LIBRARIES = YES;
				CODE_SIGN_STYLE = Automatic;
				INFOPLIST_FILE = ModularBagExperimentUITests/Info.plist;
				LD_RUNPATH_SEARCH_PATHS = (
					"$(inherited)",
					"@executable_path/Frameworks",
					"@loader_path/Frameworks",
				);
				PRODUCT_BUNDLE_IDENTIFIER = com.poqstudio.ModularBagExperimentUITests;
				PRODUCT_NAME = "$(TARGET_NAME)";
				SWIFT_VERSION = 4.0;
				TARGETED_DEVICE_FAMILY = "1,2";
				TEST_TARGET_NAME = ModularBagExperiment;
			};
			name = Release;
		};
/* End XCBuildConfiguration section */

/* Begin XCConfigurationList section */
		2D09E9A32073D688008320D7 /* Build configuration list for PBXProject "ModularBagExperiment" */ = {
			isa = XCConfigurationList;
			buildConfigurations = (
				2D09E9CE2073D68B008320D7 /* Debug */,
				2D09E9CF2073D68B008320D7 /* Release */,
			);
			defaultConfigurationIsVisible = 0;
			defaultConfigurationName = Release;
		};
		2D09E9D02073D68B008320D7 /* Build configuration list for PBXNativeTarget "ModularBagExperiment" */ = {
			isa = XCConfigurationList;
			buildConfigurations = (
				2D09E9D12073D68B008320D7 /* Debug */,
				2D09E9D22073D68B008320D7 /* Release */,
			);
			defaultConfigurationIsVisible = 0;
			defaultConfigurationName = Release;
		};
		2D09E9D32073D68B008320D7 /* Build configuration list for PBXNativeTarget "ModularBagExperimentTests" */ = {
			isa = XCConfigurationList;
			buildConfigurations = (
				2D09E9D42073D68B008320D7 /* Debug */,
				2D09E9D52073D68B008320D7 /* Release */,
			);
			defaultConfigurationIsVisible = 0;
			defaultConfigurationName = Release;
		};
		2D09E9D62073D68B008320D7 /* Build configuration list for PBXNativeTarget "ModularBagExperimentUITests" */ = {
			isa = XCConfigurationList;
			buildConfigurations = (
				2D09E9D72073D68B008320D7 /* Debug */,
				2D09E9D82073D68B008320D7 /* Release */,
			);
			defaultConfigurationIsVisible = 0;
			defaultConfigurationName = Release;
		};
/* End XCConfigurationList section */
	};
	rootObject = 2D09E9A02073D688008320D7 /* Project object */;
}
