// !$*UTF8*$!
{
	archiveVersion = 1;
	classes = {
	};
	objectVersion = 50;
	objects = {

/* Begin PBXBuildFile section */
		2D09E9AC2073D688008320D7 /* AppDelegate.swift in Sources */ = {isa = PBXBuildFile; fileRef = 2D09E9AB2073D688008320D7 /* AppDelegate.swift */; };
		2D09E9AE2073D688008320D7 /* ViewController.swift in Sources */ = {isa = PBXBuildFile; fileRef = 2D09E9AD2073D688008320D7 /* ViewController.swift */; };
		2D09E9B12073D688008320D7 /* Main.storyboard in Resources */ = {isa = PBXBuildFile; fileRef = 2D09E9AF2073D688008320D7 /* Main.storyboard */; };
		2D09E9B32073D68A008320D7 /* Assets.xcassets in Resources */ = {isa = PBXBuildFile; fileRef = 2D09E9B22073D68A008320D7 /* Assets.xcassets */; };
		2D09E9B62073D68A008320D7 /* LaunchScreen.storyboard in Resources */ = {isa = PBXBuildFile; fileRef = 2D09E9B42073D68A008320D7 /* LaunchScreen.storyboard */; };
		2D09E9C12073D68A008320D7 /* ModularBagExperimentTests.swift in Sources */ = {isa = PBXBuildFile; fileRef = 2D09E9C02073D68A008320D7 /* ModularBagExperimentTests.swift */; };
		2D09E9CC2073D68B008320D7 /* ModularBagExperimentUITests.swift in Sources */ = {isa = PBXBuildFile; fileRef = 2D09E9CB2073D68B008320D7 /* ModularBagExperimentUITests.swift */; };
/* End PBXBuildFile section */

/* Begin PBXContainerItemProxy section */
		2D09E9BD2073D68A008320D7 /* PBXContainerItemProxy */ = {
			isa = PBXContainerItemProxy;
			containerPortal = 2D09E9A02073D688008320D7 /* Project object */;
			proxyType = 1;
			remoteGlobalIDString = 2D09E9A72073D688008320D7;
			remoteInfo = ModularBagExperiment;
		};
		2D09E9C82073D68B008320D7 /* PBXContainerItemProxy */ = {
			isa = PBXContainerItemProxy;
			containerPortal = 2D09E9A02073D688008320D7 /* Project object */;
			proxyType = 1;
			remoteGlobalIDString = 2D09E9A72073D688008320D7;
			remoteInfo = ModularBagExperiment;
		};
/* End PBXContainerItemProxy section */

/* Begin PBXFileReference section */
		2D09E9A82073D688008320D7 /* ModularBagExperiment.app */ = {isa = PBXFileReference; explicitFileType = wrapper.application; includeInIndex = 0; path = ModularBagExperiment.app; sourceTree = BUILT_PRODUCTS_DIR; };
		2D09E9AB2073D688008320D7 /* AppDelegate.swift */ = {isa = PBXFileReference; lastKnownFileType = sourcecode.swift; path = AppDelegate.swift; sourceTree = "<group>"; };
		2D09E9AD2073D688008320D7 /* ViewController.swift */ = {isa = PBXFileReference; lastKnownFileType = sourcecode.swift; path = ViewController.swift; sourceTree = "<group>"; };
		2D09E9B02073D688008320D7 /* Base */ = {isa = PBXFileReference; lastKnownFileType = file.storyboard; name = Base; path = Base.lproj/Main.storyboard; sourceTree = "<group>"; };
		2D09E9B22073D68A008320D7 /* Assets.xcassets */ = {isa = PBXFileReference; lastKnownFileType = folder.assetcatalog; path = Assets.xcassets; sourceTree = "<group>"; };
		2D09E9B52073D68A008320D7 /* Base */ = {isa = PBXFileReference; lastKnownFileType = file.storyboard; name = Base; path = Base.lproj/LaunchScreen.storyboard; sourceTree = "<group>"; };
		2D09E9B72073D68A008320D7 /* Info.plist */ = {isa = PBXFileReference; lastKnownFileType = text.plist.xml; path = Info.plist; sourceTree = "<group>"; };
		2D09E9BC2073D68A008320D7 /* ModularBagExperimentTests.xctest */ = {isa = PBXFileReference; explicitFileType = wrapper.cfbundle; includeInIndex = 0; path = ModularBagExperimentTests.xctest; sourceTree = BUILT_PRODUCTS_DIR; };
		2D09E9C02073D68A008320D7 /* ModularBagExperimentTests.swift */ = {isa = PBXFileReference; lastKnownFileType = sourcecode.swift; path = ModularBagExperimentTests.swift; sourceTree = "<group>"; };
		2D09E9C22073D68A008320D7 /* Info.plist */ = {isa = PBXFileReference; lastKnownFileType = text.plist.xml; path = Info.plist; sourceTree = "<group>"; };
		2D09E9C72073D68B008320D7 /* ModularBagExperimentUITests.xctest */ = {isa = PBXFileReference; explicitFileType = wrapper.cfbundle; includeInIndex = 0; path = ModularBagExperimentUITests.xctest; sourceTree = BUILT_PRODUCTS_DIR; };
		2D09E9CB2073D68B008320D7 /* ModularBagExperimentUITests.swift */ = {isa = PBXFileReference; lastKnownFileType = sourcecode.swift; path = ModularBagExperimentUITests.swift; sourceTree = "<group>"; };
		2D09E9CD2073D68B008320D7 /* Info.plist */ = {isa = PBXFileReference; lastKnownFileType = text.plist.xml; path = Info.plist; sourceTree = "<group>"; };
/* End PBXFileReference section */

/* Begin PBXFrameworksBuildPhase section */
		2D09E9A52073D688008320D7 /* Frameworks */ = {
			isa = PBXFrameworksBuildPhase;
			buildActionMask = 2147483647;
			files = (
			);
			runOnlyForDeploymentPostprocessing = 0;
		};
		2D09E9B92073D68A008320D7 /* Frameworks */ = {
			isa = PBXFrameworksBuildPhase;
			buildActionMask = 2147483647;
			files = (
			);
			runOnlyForDeploymentPostprocessing = 0;
		};
		2D09E9C42073D68B008320D7 /* Frameworks */ = {
			isa = PBXFrameworksBuildPhase;
			buildActionMask = 2147483647;
			files = (
			);
			runOnlyForDeploymentPostprocessing = 0;
		};
/* End PBXFrameworksBuildPhase section */

/* Begin PBXGroup section */
		2D09E99F2073D688008320D7 = {
			isa = PBXGroup;
			children = (
				2D09E9AA2073D688008320D7 /* ModularBagExperiment */,
				2D09E9BF2073D68A008320D7 /* ModularBagExperimentTests */,
				2D09E9CA2073D68B008320D7 /* ModularBagExperimentUITests */,
				2D09E9A92073D688008320D7 /* Products */,
			);
			sourceTree = "<group>";
		};
		2D09E9A92073D688008320D7 /* Products */ = {
			isa = PBXGroup;
			children = (
				2D09E9A82073D688008320D7 /* ModularBagExperiment.app */,
				2D09E9BC2073D68A008320D7 /* ModularBagExperimentTests.xctest */,
				2D09E9C72073D68B008320D7 /* ModularBagExperimentUITests.xctest */,
			);
			name = Products;
			sourceTree = "<group>";
		};
		2D09E9AA2073D688008320D7 /* ModularBagExperiment */ = {
			isa = PBXGroup;
			children = (
				2D09E9AB2073D688008320D7 /* AppDelegate.swift */,
				2D09E9AD2073D688008320D7 /* ViewController.swift */,
				2D09E9AF2073D688008320D7 /* Main.storyboard */,
				2D09E9B22073D68A008320D7 /* Assets.xcassets */,
				2D09E9B42073D68A008320D7 /* LaunchScreen.storyboard */,
				2D09E9B72073D68A008320D7 /* Info.plist */,
			);
			path = ModularBagExperiment;
			sourceTree = "<group>";
		};
		2D09E9BF2073D68A008320D7 /* ModularBagExperimentTests */ = {
			isa = PBXGroup;
			children = (
				2D09E9C02073D68A008320D7 /* ModularBagExperimentTests.swift */,
				2D09E9C22073D68A008320D7 /* Info.plist */,
			);
			path = ModularBagExperimentTests;
			sourceTree = "<group>";
		};
		2D09E9CA2073D68B008320D7 /* ModularBagExperimentUITests */ = {
			isa = PBXGroup;
			children = (
				2D09E9CB2073D68B008320D7 /* ModularBagExperimentUITests.swift */,
				2D09E9CD2073D68B008320D7 /* Info.plist */,
			);
			path = ModularBagExperimentUITests;
			sourceTree = "<group>";
		};
/* End PBXGroup section */

/* Begin PBXNativeTarget section */
		2D09E9A72073D688008320D7 /* ModularBagExperiment */ = {
			isa = PBXNativeTarget;
			buildConfigurationList = 2D09E9D02073D68B008320D7 /* Build configuration list for PBXNativeTarget "ModularBagExperiment" */;
			buildPhases = (
				2D09E9A42073D688008320D7 /* Sources */,
				2D09E9A52073D688008320D7 /* Frameworks */,
				2D09E9A62073D688008320D7 /* Resources */,
			);
			buildRules = (
			);
			dependencies = (
			);
			name = ModularBagExperiment;
			productName = ModularBagExperiment;
			productReference = 2D09E9A82073D688008320D7 /* ModularBagExperiment.app */;
			productType = "com.apple.product-type.application";
		};
		2D09E9BB2073D68A008320D7 /* ModularBagExperimentTests */ = {
			isa = PBXNativeTarget;
			buildConfigurationList = 2D09E9D32073D68B008320D7 /* Build configuration list for PBXNativeTarget "ModularBagExperimentTests" */;
			buildPhases = (
				2D09E9B82073D68A008320D7 /* Sources */,
				2D09E9B92073D68A008320D7 /* Frameworks */,
				2D09E9BA2073D68A008320D7 /* Resources */,
			);
			buildRules = (
			);
			dependencies = (
				2D09E9BE2073D68A008320D7 /* PBXTargetDependency */,
			);
			name = ModularBagExperimentTests;
			productName = ModularBagExperimentTests;
			productReference = 2D09E9BC2073D68A008320D7 /* ModularBagExperimentTests.xctest */;
			productType = "com.apple.product-type.bundle.unit-test";
		};
		2D09E9C62073D68B008320D7 /* ModularBagExperimentUITests */ = {
			isa = PBXNativeTarget;
			buildConfigurationList = 2D09E9D62073D68B008320D7 /* Build configuration list for PBXNativeTarget "ModularBagExperimentUITests" */;
			buildPhases = (
				2D09E9C32073D68B008320D7 /* Sources */,
				2D09E9C42073D68B008320D7 /* Frameworks */,
				2D09E9C52073D68B008320D7 /* Resources */,
			);
			buildRules = (
			);
			dependencies = (
				2D09E9C92073D68B008320D7 /* PBXTargetDependency */,
			);
			name = ModularBagExperimentUITests;
			productName = ModularBagExperimentUITests;
			productReference = 2D09E9C72073D68B008320D7 /* ModularBagExperimentUITests.xctest */;
			productType = "com.apple.product-type.bundle.ui-testing";
		};
/* End PBXNativeTarget section */

/* Begin PBXProject section */
		2D09E9A02073D688008320D7 /* Project object */ = {
			isa = PBXProject;
			attributes = {
				LastSwiftUpdateCheck = 0930;
				LastUpgradeCheck = 0930;
				ORGANIZATIONNAME = "Balaji Reddy";
				TargetAttributes = {
					2D09E9A72073D688008320D7 = {
						CreatedOnToolsVersion = 9.3;
					};
					2D09E9BB2073D68A008320D7 = {
						CreatedOnToolsVersion = 9.3;
						TestTargetID = 2D09E9A72073D688008320D7;
					};
					2D09E9C62073D68B008320D7 = {
						CreatedOnToolsVersion = 9.3;
						TestTargetID = 2D09E9A72073D688008320D7;
					};
				};
			};
			buildConfigurationList = 2D09E9A32073D688008320D7 /* Build configuration list for PBXProject "ModularBagExperiment" */;
			compatibilityVersion = "Xcode 9.3";
			developmentRegion = en;
			hasScannedForEncodings = 0;
			knownRegions = (
				en,
				Base,
			);
			mainGroup = 2D09E99F2073D688008320D7;
			productRefGroup = 2D09E9A92073D688008320D7 /* Products */;
			projectDirPath = "";
			projectRoot = "";
			targets = (
				2D09E9A72073D688008320D7 /* ModularBagExperiment */,
				2D09E9BB2073D68A008320D7 /* ModularBagExperimentTests */,
				2D09E9C62073D68B008320D7 /* ModularBagExperimentUITests */,
			);
		};
/* End PBXProject section */

/* Begin PBXResourcesBuildPhase section */
		2D09E9A62073D688008320D7 /* Resources */ = {
			isa = PBXResourcesBuildPhase;
			buildActionMask = 2147483647;
			files = (
				2D09E9B62073D68A008320D7 /* LaunchScreen.storyboard in Resources */,
				2D09E9B32073D68A008320D7 /* Assets.xcassets in Resources */,
				2D09E9B12073D688008320D7 /* Main.storyboard in Resources */,
			);
			runOnlyForDeploymentPostprocessing = 0;
		};
		2D09E9BA2073D68A008320D7 /* Resources */ = {
			isa = PBXResourcesBuildPhase;
			buildActionMask = 2147483647;
			files = (
			);
			runOnlyForDeploymentPostprocessing = 0;
		};
		2D09E9C52073D68B008320D7 /* Resources */ = {
			isa = PBXResourcesBuildPhase;
			buildActionMask = 2147483647;
			files = (
			);
			runOnlyForDeploymentPostprocessing = 0;
		};
/* End PBXResourcesBuildPhase section */

/* Begin PBXSourcesBuildPhase section */
		2D09E9A42073D688008320D7 /* Sources */ = {
			isa = PBXSourcesBuildPhase;
			buildActionMask = 2147483647;
			files = (
				2D09E9AE2073D688008320D7 /* ViewController.swift in Sources */,
				2D09E9AC2073D688008320D7 /* AppDelegate.swift in Sources */,
			);
			runOnlyForDeploymentPostprocessing = 0;
		};
		2D09E9B82073D68A008320D7 /* Sources */ = {
			isa = PBXSourcesBuildPhase;
			buildActionMask = 2147483647;
			files = (
				2D09E9C12073D68A008320D7 /* ModularBagExperimentTests.swift in Sources */,
			);
			runOnlyForDeploymentPostprocessing = 0;
		};
		2D09E9C32073D68B008320D7 /* Sources */ = {
			isa = PBXSourcesBuildPhase;
			buildActionMask = 2147483647;
			files = (
				2D09E9CC2073D68B008320D7 /* ModularBagExperimentUITests.swift in Sources */,
			);
			runOnlyForDeploymentPostprocessing = 0;
		};
/* End PBXSourcesBuildPhase section */

/* Begin PBXTargetDependency section */
		2D09E9BE2073D68A008320D7 /* PBXTargetDependency */ = {
			isa = PBXTargetDependency;
			target = 2D09E9A72073D688008320D7 /* ModularBagExperiment */;
			targetProxy = 2D09E9BD2073D68A008320D7 /* PBXContainerItemProxy */;
		};
		2D09E9C92073D68B008320D7 /* PBXTargetDependency */ = {
			isa = PBXTargetDependency;
			target = 2D09E9A72073D688008320D7 /* ModularBagExperiment */;
			targetProxy = 2D09E9C82073D68B008320D7 /* PBXContainerItemProxy */;
		};
/* End PBXTargetDependency section */

/* Begin PBXVariantGroup section */
		2D09E9AF2073D688008320D7 /* Main.storyboard */ = {
			isa = PBXVariantGroup;
			children = (
				2D09E9B02073D688008320D7 /* Base */,
			);
			name = Main.storyboard;
			sourceTree = "<group>";
		};
		2D09E9B42073D68A008320D7 /* LaunchScreen.storyboard */ = {
			isa = PBXVariantGroup;
			children = (
				2D09E9B52073D68A008320D7 /* Base */,
			);
			name = LaunchScreen.storyboard;
			sourceTree = "<group>";
		};
/* End PBXVariantGroup section */

/* Begin XCBuildConfiguration section */
		2D09E9CE2073D68B008320D7 /* Debug */ = {
			isa = XCBuildConfiguration;
			buildSettings = {
				ALWAYS_SEARCH_USER_PATHS = NO;
				CLANG_ANALYZER_NONNULL = YES;
				CLANG_ANALYZER_NUMBER_OBJECT_CONVERSION = YES_AGGRESSIVE;
				CLANG_CXX_LANGUAGE_STANDARD = "gnu++14";
				CLANG_CXX_LIBRARY = "libc++";
				CLANG_ENABLE_MODULES = YES;
				CLANG_ENABLE_OBJC_ARC = YES;
				CLANG_ENABLE_OBJC_WEAK = YES;
				CLANG_WARN_BLOCK_CAPTURE_AUTORELEASING = YES;
				CLANG_WARN_BOOL_CONVERSION = YES;
				CLANG_WARN_COMMA = YES;
				CLANG_WARN_CONSTANT_CONVERSION = YES;
				CLANG_WARN_DEPRECATED_OBJC_IMPLEMENTATIONS = YES;
				CLANG_WARN_DIRECT_OBJC_ISA_USAGE = YES_ERROR;
				CLANG_WARN_DOCUMENTATION_COMMENTS = YES;
				CLANG_WARN_EMPTY_BODY = YES;
				CLANG_WARN_ENUM_CONVERSION = YES;
				CLANG_WARN_INFINITE_RECURSION = YES;
				CLANG_WARN_INT_CONVERSION = YES;
				CLANG_WARN_NON_LITERAL_NULL_CONVERSION = YES;
				CLANG_WARN_OBJC_IMPLICIT_RETAIN_SELF = YES;
				CLANG_WARN_OBJC_LITERAL_CONVERSION = YES;
				CLANG_WARN_OBJC_ROOT_CLASS = YES_ERROR;
				CLANG_WARN_RANGE_LOOP_ANALYSIS = YES;
				CLANG_WARN_STRICT_PROTOTYPES = YES;
				CLANG_WARN_SUSPICIOUS_MOVE = YES;
				CLANG_WARN_UNGUARDED_AVAILABILITY = YES_AGGRESSIVE;
				CLANG_WARN_UNREACHABLE_CODE = YES;
				CLANG_WARN__DUPLICATE_METHOD_MATCH = YES;
				CODE_SIGN_IDENTITY = "iPhone Developer";
				COPY_PHASE_STRIP = NO;
				DEBUG_INFORMATION_FORMAT = dwarf;
				ENABLE_STRICT_OBJC_MSGSEND = YES;
				ENABLE_TESTABILITY = YES;
				GCC_C_LANGUAGE_STANDARD = gnu11;
				GCC_DYNAMIC_NO_PIC = NO;
				GCC_NO_COMMON_BLOCKS = YES;
				GCC_OPTIMIZATION_LEVEL = 0;
				GCC_PREPROCESSOR_DEFINITIONS = (
					"DEBUG=1",
					"$(inherited)",
				);
				GCC_WARN_64_TO_32_BIT_CONVERSION = YES;
				GCC_WARN_ABOUT_RETURN_TYPE = YES_ERROR;
				GCC_WARN_UNDECLARED_SELECTOR = YES;
				GCC_WARN_UNINITIALIZED_AUTOS = YES_AGGRESSIVE;
				GCC_WARN_UNUSED_FUNCTION = YES;
				GCC_WARN_UNUSED_VARIABLE = YES;
				IPHONEOS_DEPLOYMENT_TARGET = 11.3;
				MTL_ENABLE_DEBUG_INFO = YES;
				ONLY_ACTIVE_ARCH = YES;
				SDKROOT = iphoneos;
				SWIFT_ACTIVE_COMPILATION_CONDITIONS = DEBUG;
				SWIFT_OPTIMIZATION_LEVEL = "-Onone";
			};
			name = Debug;
		};
		2D09E9CF2073D68B008320D7 /* Release */ = {
			isa = XCBuildConfiguration;
			buildSettings = {
				ALWAYS_SEARCH_USER_PATHS = NO;
				CLANG_ANALYZER_NONNULL = YES;
				CLANG_ANALYZER_NUMBER_OBJECT_CONVERSION = YES_AGGRESSIVE;
				CLANG_CXX_LANGUAGE_STANDARD = "gnu++14";
				CLANG_CXX_LIBRARY = "libc++";
				CLANG_ENABLE_MODULES = YES;
				CLANG_ENABLE_OBJC_ARC = YES;
				CLANG_ENABLE_OBJC_WEAK = YES;
				CLANG_WARN_BLOCK_CAPTURE_AUTORELEASING = YES;
				CLANG_WARN_BOOL_CONVERSION = YES;
				CLANG_WARN_COMMA = YES;
				CLANG_WARN_CONSTANT_CONVERSION = YES;
				CLANG_WARN_DEPRECATED_OBJC_IMPLEMENTATIONS = YES;
				CLANG_WARN_DIRECT_OBJC_ISA_USAGE = YES_ERROR;
				CLANG_WARN_DOCUMENTATION_COMMENTS = YES;
				CLANG_WARN_EMPTY_BODY = YES;
				CLANG_WARN_ENUM_CONVERSION = YES;
				CLANG_WARN_INFINITE_RECURSION = YES;
				CLANG_WARN_INT_CONVERSION = YES;
				CLANG_WARN_NON_LITERAL_NULL_CONVERSION = YES;
				CLANG_WARN_OBJC_IMPLICIT_RETAIN_SELF = YES;
				CLANG_WARN_OBJC_LITERAL_CONVERSION = YES;
				CLANG_WARN_OBJC_ROOT_CLASS = YES_ERROR;
				CLANG_WARN_RANGE_LOOP_ANALYSIS = YES;
				CLANG_WARN_STRICT_PROTOTYPES = YES;
				CLANG_WARN_SUSPICIOUS_MOVE = YES;
				CLANG_WARN_UNGUARDED_AVAILABILITY = YES_AGGRESSIVE;
				CLANG_WARN_UNREACHABLE_CODE = YES;
				CLANG_WARN__DUPLICATE_METHOD_MATCH = YES;
				CODE_SIGN_IDENTITY = "iPhone Developer";
				COPY_PHASE_STRIP = NO;
				DEBUG_INFORMATION_FORMAT = "dwarf-with-dsym";
				ENABLE_NS_ASSERTIONS = NO;
				ENABLE_STRICT_OBJC_MSGSEND = YES;
				GCC_C_LANGUAGE_STANDARD = gnu11;
				GCC_NO_COMMON_BLOCKS = YES;
				GCC_WARN_64_TO_32_BIT_CONVERSION = YES;
				GCC_WARN_ABOUT_RETURN_TYPE = YES_ERROR;
				GCC_WARN_UNDECLARED_SELECTOR = YES;
				GCC_WARN_UNINITIALIZED_AUTOS = YES_AGGRESSIVE;
				GCC_WARN_UNUSED_FUNCTION = YES;
				GCC_WARN_UNUSED_VARIABLE = YES;
				IPHONEOS_DEPLOYMENT_TARGET = 11.3;
				MTL_ENABLE_DEBUG_INFO = NO;
				SDKROOT = iphoneos;
				SWIFT_COMPILATION_MODE = wholemodule;
				SWIFT_OPTIMIZATION_LEVEL = "-O";
				VALIDATE_PRODUCT = YES;
			};
			name = Release;
		};
		2D09E9D12073D68B008320D7 /* Debug */ = {
			isa = XCBuildConfiguration;
			buildSettings = {
				ASSETCATALOG_COMPILER_APPICON_NAME = AppIcon;
				CODE_SIGN_STYLE = Automatic;
				INFOPLIST_FILE = ModularBagExperiment/Info.plist;
				LD_RUNPATH_SEARCH_PATHS = (
					"$(inherited)",
					"@executable_path/Frameworks",
				);
				PRODUCT_BUNDLE_IDENTIFIER = com.poqstudio.ModularBagExperiment;
				PRODUCT_NAME = "$(TARGET_NAME)";
				SWIFT_VERSION = 4.0;
				TARGETED_DEVICE_FAMILY = "1,2";
			};
			name = Debug;
		};
		2D09E9D22073D68B008320D7 /* Release */ = {
			isa = XCBuildConfiguration;
			buildSettings = {
				ASSETCATALOG_COMPILER_APPICON_NAME = AppIcon;
				CODE_SIGN_STYLE = Automatic;
				INFOPLIST_FILE = ModularBagExperiment/Info.plist;
				LD_RUNPATH_SEARCH_PATHS = (
					"$(inherited)",
					"@executable_path/Frameworks",
				);
				PRODUCT_BUNDLE_IDENTIFIER = com.poqstudio.ModularBagExperiment;
				PRODUCT_NAME = "$(TARGET_NAME)";
				SWIFT_VERSION = 4.0;
				TARGETED_DEVICE_FAMILY = "1,2";
			};
			name = Release;
		};
		2D09E9D42073D68B008320D7 /* Debug */ = {
			isa = XCBuildConfiguration;
			buildSettings = {
				ALWAYS_EMBED_SWIFT_STANDARD_LIBRARIES = YES;
				BUNDLE_LOADER = "$(TEST_HOST)";
				CODE_SIGN_STYLE = Automatic;
				INFOPLIST_FILE = ModularBagExperimentTests/Info.plist;
				LD_RUNPATH_SEARCH_PATHS = (
					"$(inherited)",
					"@executable_path/Frameworks",
					"@loader_path/Frameworks",
				);
				PRODUCT_BUNDLE_IDENTIFIER = com.poqstudio.ModularBagExperimentTests;
				PRODUCT_NAME = "$(TARGET_NAME)";
				SWIFT_VERSION = 4.0;
				TARGETED_DEVICE_FAMILY = "1,2";
				TEST_HOST = "$(BUILT_PRODUCTS_DIR)/ModularBagExperiment.app/ModularBagExperiment";
			};
			name = Debug;
		};
		2D09E9D52073D68B008320D7 /* Release */ = {
			isa = XCBuildConfiguration;
			buildSettings = {
				ALWAYS_EMBED_SWIFT_STANDARD_LIBRARIES = YES;
				BUNDLE_LOADER = "$(TEST_HOST)";
				CODE_SIGN_STYLE = Automatic;
				INFOPLIST_FILE = ModularBagExperimentTests/Info.plist;
				LD_RUNPATH_SEARCH_PATHS = (
					"$(inherited)",
					"@executable_path/Frameworks",
					"@loader_path/Frameworks",
				);
				PRODUCT_BUNDLE_IDENTIFIER = com.poqstudio.ModularBagExperimentTests;
				PRODUCT_NAME = "$(TARGET_NAME)";
				SWIFT_VERSION = 4.0;
				TARGETED_DEVICE_FAMILY = "1,2";
				TEST_HOST = "$(BUILT_PRODUCTS_DIR)/ModularBagExperiment.app/ModularBagExperiment";
			};
			name = Release;
		};
		2D09E9D72073D68B008320D7 /* Debug */ = {
			isa = XCBuildConfiguration;
			buildSettings = {
				ALWAYS_EMBED_SWIFT_STANDARD_LIBRARIES = YES;
				CODE_SIGN_STYLE = Automatic;
				INFOPLIST_FILE = ModularBagExperimentUITests/Info.plist;
				LD_RUNPATH_SEARCH_PATHS = (
					"$(inherited)",
					"@executable_path/Frameworks",
					"@loader_path/Frameworks",
				);
				PRODUCT_BUNDLE_IDENTIFIER = com.poqstudio.ModularBagExperimentUITests;
				PRODUCT_NAME = "$(TARGET_NAME)";
				SWIFT_VERSION = 4.0;
				TARGETED_DEVICE_FAMILY = "1,2";
				TEST_TARGET_NAME = ModularBagExperiment;
			};
			name = Debug;
		};
		2D09E9D82073D68B008320D7 /* Release */ = {
			isa = XCBuildConfiguration;
			buildSettings = {
				ALWAYS_EMBED_SWIFT_STANDARD_LIBRARIES = YES;
				CODE_SIGN_STYLE = Automatic;
				INFOPLIST_FILE = ModularBagExperimentUITests/Info.plist;
				LD_RUNPATH_SEARCH_PATHS = (
					"$(inherited)",
					"@executable_path/Frameworks",
					"@loader_path/Frameworks",
				);
				PRODUCT_BUNDLE_IDENTIFIER = com.poqstudio.ModularBagExperimentUITests;
				PRODUCT_NAME = "$(TARGET_NAME)";
				SWIFT_VERSION = 4.0;
				TARGETED_DEVICE_FAMILY = "1,2";
				TEST_TARGET_NAME = ModularBagExperiment;
			};
			name = Release;
		};
/* End XCBuildConfiguration section */

/* Begin XCConfigurationList section */
		2D09E9A32073D688008320D7 /* Build configuration list for PBXProject "ModularBagExperiment" */ = {
			isa = XCConfigurationList;
			buildConfigurations = (
				2D09E9CE2073D68B008320D7 /* Debug */,
				2D09E9CF2073D68B008320D7 /* Release */,
			);
			defaultConfigurationIsVisible = 0;
			defaultConfigurationName = Release;
		};
		2D09E9D02073D68B008320D7 /* Build configuration list for PBXNativeTarget "ModularBagExperiment" */ = {
			isa = XCConfigurationList;
			buildConfigurations = (
				2D09E9D12073D68B008320D7 /* Debug */,
				2D09E9D22073D68B008320D7 /* Release */,
			);
			defaultConfigurationIsVisible = 0;
			defaultConfigurationName = Release;
		};
		2D09E9D32073D68B008320D7 /* Build configuration list for PBXNativeTarget "ModularBagExperimentTests" */ = {
			isa = XCConfigurationList;
			buildConfigurations = (
				2D09E9D42073D68B008320D7 /* Debug */,
				2D09E9D52073D68B008320D7 /* Release */,
			);
			defaultConfigurationIsVisible = 0;
			defaultConfigurationName = Release;
		};
		2D09E9D62073D68B008320D7 /* Build configuration list for PBXNativeTarget "ModularBagExperimentUITests" */ = {
			isa = XCConfigurationList;
			buildConfigurations = (
				2D09E9D72073D68B008320D7 /* Debug */,
				2D09E9D82073D68B008320D7 /* Release */,
			);
			defaultConfigurationIsVisible = 0;
			defaultConfigurationName = Release;
		};
/* End XCConfigurationList section */
	};
	rootObject = 2D09E9A02073D688008320D7 /* Project object */;
}
